Microsoft Visual Studio Solution File, Format Version 11.00
# Visual Studio 2008

Project("{F7EA97B3-D205-DCFA-9309-CBDF120729F5}") = "convoydrift", "Assembly-CSharp.csproj", "{043C9FB9-0631-B65F-A678-B67915DEDF0D}"
EndProject
Project("{F7EA97B3-D205-DCFA-9309-CBDF120729F5}") = "convoydrift", "Assembly-CSharp-Editor.csproj", "{2B096959-A407-0D47-EF7B-4F1E88A79F3C}"
EndProject
Project("{F7EA97B3-D205-DCFA-9309-CBDF120729F5}") = "convoydrift", "Assembly-UnityScript.unityproj", "{FBB2BDAA-A95F-5DBB-4F59-BD8B56B32FAC}"
EndProject
Global
	GlobalSection(SolutionConfigurationPlatforms) = preSolution
		Debug|Any CPU = Debug|Any CPU
		Release|Any CPU = Release|Any CPU
	EndGlobalSection
	GlobalSection(ProjectConfigurationPlatforms) = postSolution
		{043C9FB9-0631-B65F-A678-B67915DEDF0D}.Debug|Any CPU.ActiveCfg = Debug|Any CPU
		{043C9FB9-0631-B65F-A678-B67915DEDF0D}.Debug|Any CPU.Build.0 = Debug|Any CPU
		{043C9FB9-0631-B65F-A678-B67915DEDF0D}.Release|Any CPU.ActiveCfg = Release|Any CPU
		{043C9FB9-0631-B65F-A678-B67915DEDF0D}.Release|Any CPU.Build.0 = Release|Any CPU
		{2B096959-A407-0D47-EF7B-4F1E88A79F3C}.Debug|Any CPU.ActiveCfg = Debug|Any CPU
		{2B096959-A407-0D47-EF7B-4F1E88A79F3C}.Debug|Any CPU.Build.0 = Debug|Any CPU
		{2B096959-A407-0D47-EF7B-4F1E88A79F3C}.Release|Any CPU.ActiveCfg = Release|Any CPU
		{2B096959-A407-0D47-EF7B-4F1E88A79F3C}.Release|Any CPU.Build.0 = Release|Any CPU
		{FBB2BDAA-A95F-5DBB-4F59-BD8B56B32FAC}.Debug|Any CPU.ActiveCfg = Debug|Any CPU
		{FBB2BDAA-A95F-5DBB-4F59-BD8B56B32FAC}.Debug|Any CPU.Build.0 = Debug|Any CPU
		{FBB2BDAA-A95F-5DBB-4F59-BD8B56B32FAC}.Release|Any CPU.ActiveCfg = Release|Any CPU
		{FBB2BDAA-A95F-5DBB-4F59-BD8B56B32FAC}.Release|Any CPU.Build.0 = Release|Any CPU
	EndGlobalSection
	GlobalSection(SolutionProperties) = preSolution
		HideSolutionNode = FALSE
	EndGlobalSection
														GlobalSection(MonoDevelopProperties) = preSolution
		StartupItem = Assembly-CSharp.csproj
		Policies = $0
		$0.TextStylePolicy = $1
		$1.inheritsSet = null
		$1.scope = text/x-csharp
		$0.CSharpFormattingPolicy = $2
		$2.inheritsSet = Mono
		$2.inheritsScope = text/x-csharp
		$2.scope = text/x-csharp
		$0.TextStylePolicy = $3
		$3.FileWidth = 120
		$3.TabWidth = 4
		$3.EolMarker = Unix
		$3.inheritsSet = Mono
		$3.inheritsScope = text/plain
		$3.scope = text/plain
	EndGlobalSection

EndGlobal
